
Microsoft Visual Studio Solution File, Format Version 12.00
# Visual Studio Version 17
VisualStudioVersion = 17.12.35707.178 d17.12
MinimumVisualStudioVersion = 10.0.40219.1
Project("{FAE04EC0-301F-11D3-BF4B-00C04F79EFBC}") = "Bank.API", "Bank\Bank.API.csproj", "{9F5F5794-7CF3-4FCE-A1CE-53E85431593B}"
EndProject
Project("{FAE04EC0-301F-11D3-BF4B-00C04F79EFBC}") = "Bank.Applications", "Applications\Bank.Applications.csproj", "{365F8425-B75D-43E2-90CC-DCCAD5CDF40A}"
EndProject
Project("{FAE04EC0-301F-11D3-BF4B-00C04F79EFBC}") = "Bank.Domain", "Bank.Domain\Bank.Domain.csproj", "{76BB97B3-5546-4A33-B4D6-9156DE4AD178}"
EndProject
Project("{FAE04EC0-301F-11D3-BF4B-00C04F79EFBC}") = "Bank.Infrastructure", "Bank.Infrastructure\Bank.Infrastructure.csproj", "{C0EF6DC9-5F8B-4A20-B738-841F336D218F}"
EndProject
Global
	GlobalSection(SolutionConfigurationPlatforms) = preSolution
		Debug|Any CPU = Debug|Any CPU
		Release|Any CPU = Release|Any CPU
	EndGlobalSection
	GlobalSection(ProjectConfigurationPlatforms) = postSolution
		{9F5F5794-7CF3-4FCE-A1CE-53E85431593B}.Debug|Any CPU.ActiveCfg = Debug|Any CPU
		{9F5F5794-7CF3-4FCE-A1CE-53E85431593B}.Debug|Any CPU.Build.0 = Debug|Any CPU
		{9F5F5794-7CF3-4FCE-A1CE-53E85431593B}.Release|Any CPU.ActiveCfg = Release|Any CPU
		{9F5F5794-7CF3-4FCE-A1CE-53E85431593B}.Release|Any CPU.Build.0 = Release|Any CPU
		{365F8425-B75D-43E2-90CC-DCCAD5CDF40A}.Debug|Any CPU.ActiveCfg = Debug|Any CPU
		{365F8425-B75D-43E2-90CC-DCCAD5CDF40A}.Debug|Any CPU.Build.0 = Debug|Any CPU
		{365F8425-B75D-43E2-90CC-DCCAD5CDF40A}.Release|Any CPU.ActiveCfg = Release|Any CPU
		{365F8425-B75D-43E2-90CC-DCCAD5CDF40A}.Release|Any CPU.Build.0 = Release|Any CPU
		{76BB97B3-5546-4A33-B4D6-9156DE4AD178}.Debug|Any CPU.ActiveCfg = Debug|Any CPU
		{76BB97B3-5546-4A33-B4D6-9156DE4AD178}.Debug|Any CPU.Build.0 = Debug|Any CPU
		{76BB97B3-5546-4A33-B4D6-9156DE4AD178}.Release|Any CPU.ActiveCfg = Release|Any CPU
		{76BB97B3-5546-4A33-B4D6-9156DE4AD178}.Release|Any CPU.Build.0 = Release|Any CPU
		{C0EF6DC9-5F8B-4A20-B738-841F336D218F}.Debug|Any CPU.ActiveCfg = Debug|Any CPU
		{C0EF6DC9-5F8B-4A20-B738-841F336D218F}.Debug|Any CPU.Build.0 = Debug|Any CPU
		{C0EF6DC9-5F8B-4A20-B738-841F336D218F}.Release|Any CPU.ActiveCfg = Release|Any CPU
		{C0EF6DC9-5F8B-4A20-B738-841F336D218F}.Release|Any CPU.Build.0 = Release|Any CPU
	EndGlobalSection
	GlobalSection(SolutionProperties) = preSolution
		HideSolutionNode = FALSE
	EndGlobalSection
EndGlobal
